
Microsoft Visual Studio Solution File, Format Version 12.00
# Visual Studio 15
VisualStudioVersion = 15.0.27004.2010
MinimumVisualStudioVersion = 10.0.40219.1
Project("{9092AA53-FB77-4645-B42D-1CCCA6BD08BD}") = "HTK.Bank.Web", "HTK.Bank.Web\HTK.Bank.Web.njsproj", "{B83942C7-6887-4149-9BC5-FB6986FF4ED4}"
EndProject
Project("{FAE04EC0-301F-11D3-BF4B-00C04F79EFBC}") = "HTK.Bank.Api", "HTK.Bank.Api\HTK.Bank.Api.csproj", "{7EC1A511-2E24-4463-B32F-B5A7F009D473}"
EndProject
Global
	GlobalSection(SolutionConfigurationPlatforms) = preSolution
		Debug|Any CPU = Debug|Any CPU
		Release|Any CPU = Release|Any CPU
	EndGlobalSection
	GlobalSection(ProjectConfigurationPlatforms) = postSolution
		{B83942C7-6887-4149-9BC5-FB6986FF4ED4}.Debug|Any CPU.ActiveCfg = Debug|Any CPU
		{B83942C7-6887-4149-9BC5-FB6986FF4ED4}.Debug|Any CPU.Build.0 = Debug|Any CPU
		{B83942C7-6887-4149-9BC5-FB6986FF4ED4}.Release|Any CPU.ActiveCfg = Release|Any CPU
		{B83942C7-6887-4149-9BC5-FB6986FF4ED4}.Release|Any CPU.Build.0 = Release|Any CPU
		{7EC1A511-2E24-4463-B32F-B5A7F009D473}.Debug|Any CPU.ActiveCfg = Debug|Any CPU
		{7EC1A511-2E24-4463-B32F-B5A7F009D473}.Debug|Any CPU.Build.0 = Debug|Any CPU
		{7EC1A511-2E24-4463-B32F-B5A7F009D473}.Release|Any CPU.ActiveCfg = Release|Any CPU
		{7EC1A511-2E24-4463-B32F-B5A7F009D473}.Release|Any CPU.Build.0 = Release|Any CPU
	EndGlobalSection
	GlobalSection(SolutionProperties) = preSolution
		HideSolutionNode = FALSE
	EndGlobalSection
	GlobalSection(ExtensibilityGlobals) = postSolution
		SolutionGuid = {52E3FA09-B720-49A3-8C5D-75A882796635}
	EndGlobalSection
EndGlobal
